
Microsoft Visual Studio Solution File, Format Version 12.00
# Visual Studio Version 16
VisualStudioVersion = 16.0.29020.237
MinimumVisualStudioVersion = 10.0.40219.1
Project("{9A19103F-16F7-4668-BE54-9A1E7A4F7556}") = "i18nLib", "i18nLib\i18nLib.csproj", "{807AB985-76C0-42CD-A211-84CA54AA1610}"
EndProject
Global
	GlobalSection(SolutionConfigurationPlatforms) = preSolution
		Debug|Any CPU = Debug|Any CPU
		Release|Any CPU = Release|Any CPU
	EndGlobalSection
	GlobalSection(ProjectConfigurationPlatforms) = postSolution
		{807AB985-76C0-42CD-A211-84CA54AA1610}.Debug|Any CPU.ActiveCfg = Debug|Any CPU
		{807AB985-76C0-42CD-A211-84CA54AA1610}.Debug|Any CPU.Build.0 = Debug|Any CPU
		{807AB985-76C0-42CD-A211-84CA54AA1610}.Release|Any CPU.ActiveCfg = Release|Any CPU
		{807AB985-76C0-42CD-A211-84CA54AA1610}.Release|Any CPU.Build.0 = Release|Any CPU
	EndGlobalSection
	GlobalSection(SolutionProperties) = preSolution
		HideSolutionNode = FALSE
	EndGlobalSection
	GlobalSection(ExtensibilityGlobals) = postSolution
		SolutionGuid = {4FF558B0-E3E5-427B-9DCD-4E674F695E0A}
	EndGlobalSection
EndGlobal
